
Microsoft Visual Studio Solution File, Format Version 12.00
# Visual Studio Version 16
VisualStudioVersion = 16.0.31321.278
MinimumVisualStudioVersion = 10.0.40219.1
Project("{8BC9CEB8-8B4A-11D0-8D11-00A0C91BC942}") = "Bits", "Bits\Bits.vcxproj", "{63816664-51EB-4633-BF89-744CB2480252}"
EndProject
Project("{8BC9CEB8-8B4A-11D0-8D11-00A0C91BC942}") = "TestBits", "TestBits\TestBits.vcxproj", "{4225BF1D-87DD-4346-8653-176036F54CE2}"
EndProject
Project("{2150E333-8FDC-42A3-9474-1A3956D46DE8}") = "Solution Items", "Solution Items", "{5BBAF681-619E-4ADA-94D0-53158D625FC3}"
	ProjectSection(SolutionItems) = preProject
		.clang-format = .clang-format
		.gitattributes = .gitattributes
		.gitignore = .gitignore
	EndProjectSection
EndProject
Global
	GlobalSection(SolutionConfigurationPlatforms) = preSolution
		Debug|x64 = Debug|x64
		Debug|x86 = Debug|x86
		Release|x64 = Release|x64
		Release|x86 = Release|x86
	EndGlobalSection
	GlobalSection(ProjectConfigurationPlatforms) = postSolution
		{63816664-51EB-4633-BF89-744CB2480252}.Debug|x64.ActiveCfg = Debug|x64
		{63816664-51EB-4633-BF89-744CB2480252}.Debug|x64.Build.0 = Debug|x64
		{63816664-51EB-4633-BF89-744CB2480252}.Debug|x86.ActiveCfg = Debug|Win32
		{63816664-51EB-4633-BF89-744CB2480252}.Debug|x86.Build.0 = Debug|Win32
		{63816664-51EB-4633-BF89-744CB2480252}.Release|x64.ActiveCfg = Release|x64
		{63816664-51EB-4633-BF89-744CB2480252}.Release|x64.Build.0 = Release|x64
		{63816664-51EB-4633-BF89-744CB2480252}.Release|x86.ActiveCfg = Release|Win32
		{63816664-51EB-4633-BF89-744CB2480252}.Release|x86.Build.0 = Release|Win32
		{4225BF1D-87DD-4346-8653-176036F54CE2}.Debug|x64.ActiveCfg = Debug|x64
		{4225BF1D-87DD-4346-8653-176036F54CE2}.Debug|x64.Build.0 = Debug|x64
		{4225BF1D-87DD-4346-8653-176036F54CE2}.Debug|x86.ActiveCfg = Debug|Win32
		{4225BF1D-87DD-4346-8653-176036F54CE2}.Debug|x86.Build.0 = Debug|Win32
		{4225BF1D-87DD-4346-8653-176036F54CE2}.Release|x64.ActiveCfg = Release|x64
		{4225BF1D-87DD-4346-8653-176036F54CE2}.Release|x64.Build.0 = Release|x64
		{4225BF1D-87DD-4346-8653-176036F54CE2}.Release|x86.ActiveCfg = Release|Win32
		{4225BF1D-87DD-4346-8653-176036F54CE2}.Release|x86.Build.0 = Release|Win32
	EndGlobalSection
	GlobalSection(SolutionProperties) = preSolution
		HideSolutionNode = FALSE
	EndGlobalSection
	GlobalSection(ExtensibilityGlobals) = postSolution
		SolutionGuid = {3CF44DBC-45A1-457D-90E1-786959C3F81C}
	EndGlobalSection
EndGlobal
